
Microsoft Visual Studio Solution File, Format Version 10.00
# Visual C# Express 2008
Project("{FAE04EC0-301F-11D3-BF4B-00C04F79EFBC}") = "ClassesAndObjectProject", "ClassesAndObjectProject\ClassesAndObjectProject.csproj", "{938799F7-FCD4-4005-A0C0-7C806A2B5FA2}"
EndProject
Global
	GlobalSection(SolutionConfigurationPlatforms) = preSolution
		Debug|Any CPU = Debug|Any CPU
		Release|Any CPU = Release|Any CPU
	EndGlobalSection
	GlobalSection(ProjectConfigurationPlatforms) = postSolution
		{938799F7-FCD4-4005-A0C0-7C806A2B5FA2}.Debug|Any CPU.ActiveCfg = Debug|Any CPU
		{938799F7-FCD4-4005-A0C0-7C806A2B5FA2}.Debug|Any CPU.Build.0 = Debug|Any CPU
		{938799F7-FCD4-4005-A0C0-7C806A2B5FA2}.Release|Any CPU.ActiveCfg = Release|Any CPU
		{938799F7-FCD4-4005-A0C0-7C806A2B5FA2}.Release|Any CPU.Build.0 = Release|Any CPU
	EndGlobalSection
	GlobalSection(SolutionProperties) = preSolution
		HideSolutionNode = FALSE
	EndGlobalSection
EndGlobal
